# This file is automatically @generated by Cargo.
# It is not intended for manual editing.
[[package]]
name = "core_arch"
version = "0.1.5"
source = "registry+https://github.com/rust-lang/crates.io-index"

[[package]]
name = "rust-wasm-simd128-example"
version = "0.1.0"
dependencies = [
 "core_arch 0.1.5 (registry+https://github.com/rust-lang/crates.io-index)",
]

[metadata]
"checksum core_arch 0.1.5 (registry+https://github.com/rust-lang/crates.io-index)" = "3552dd3c0d542ada1688e40346b40c3ccd9cebd7da9272c566c101b953de6d13"
